
Microsoft Visual Studio Solution File, Format Version 12.00
# Visual Studio Version 16
VisualStudioVersion = 16.0.30523.141
MinimumVisualStudioVersion = 10.0.40219.1
Project("{FAE04EC0-301F-11D3-BF4B-00C04F79EFBC}") = "Programming Practice", "Programming Practice\Programming Practice.csproj", "{A7D956DF-65A0-4268-A216-F387A9A0115F}"
EndProject
Global
	GlobalSection(SolutionConfigurationPlatforms) = preSolution
		Debug|Any CPU = Debug|Any CPU
		Release|Any CPU = Release|Any CPU
	EndGlobalSection
	GlobalSection(ProjectConfigurationPlatforms) = postSolution
		{A7D956DF-65A0-4268-A216-F387A9A0115F}.Debug|Any CPU.ActiveCfg = Debug|Any CPU
		{A7D956DF-65A0-4268-A216-F387A9A0115F}.Debug|Any CPU.Build.0 = Debug|Any CPU
		{A7D956DF-65A0-4268-A216-F387A9A0115F}.Release|Any CPU.ActiveCfg = Release|Any CPU
		{A7D956DF-65A0-4268-A216-F387A9A0115F}.Release|Any CPU.Build.0 = Release|Any CPU
	EndGlobalSection
	GlobalSection(SolutionProperties) = preSolution
		HideSolutionNode = FALSE
	EndGlobalSection
	GlobalSection(ExtensibilityGlobals) = postSolution
		SolutionGuid = {6B2621A3-2812-4FB7-A1F1-46FDDB6ECE16}
	EndGlobalSection
EndGlobal
